PODS:
  - Loading (1.0.4)
  - lottie-ios (3.0.6)
  - SnapKit (5.0.0)

DEPENDENCIES:
  - Loading (from `../`)
  - lottie-ios (~> 3.0.4)
  - SnapKit (~> 5.0.0)

SPEC REPOS:
  https://github.com/CocoaPods/Specs.git:
    - lottie-ios
    - SnapKit

EXTERNAL SOURCES:
  Loading:
    :path: "../"

SPEC CHECKSUMS:
  Loading: 863537e16c8216365a617f85dcaed68140ff9212
  lottie-ios: d030b6cda141cfd8bbaa3db89264785e6fdf675a
  SnapKit: fd22d10eb9aff484d79a8724eab922c1ddf89bcf

PODFILE CHECKSUM: 0fe4c877718530dc0d885bd909cf46096bfb0972

COCOAPODS: 1.9.3
